
Microsoft Visual Studio Solution File, Format Version 12.00
# Visual Studio 15
VisualStudioVersion = 15.0.27703.2018
MinimumVisualStudioVersion = 10.0.40219.1
Project("{FAE04EC0-301F-11D3-BF4B-00C04F79EFBC}") = "BlockchainReader", "BlockchainReader\BlockchainReader.csproj", "{D7CBD1B7-8942-473D-B38A-06FC737C9934}"
EndProject
Global
	GlobalSection(SolutionConfigurationPlatforms) = preSolution
		Debug|Any CPU = Debug|Any CPU
		Release|Any CPU = Release|Any CPU
	EndGlobalSection
	GlobalSection(ProjectConfigurationPlatforms) = postSolution
		{D7CBD1B7-8942-473D-B38A-06FC737C9934}.Debug|Any CPU.ActiveCfg = Debug|Any CPU
		{D7CBD1B7-8942-473D-B38A-06FC737C9934}.Debug|Any CPU.Build.0 = Debug|Any CPU
		{D7CBD1B7-8942-473D-B38A-06FC737C9934}.Release|Any CPU.ActiveCfg = Release|Any CPU
		{D7CBD1B7-8942-473D-B38A-06FC737C9934}.Release|Any CPU.Build.0 = Release|Any CPU
	EndGlobalSection
	GlobalSection(SolutionProperties) = preSolution
		HideSolutionNode = FALSE
	EndGlobalSection
	GlobalSection(ExtensibilityGlobals) = postSolution
		SolutionGuid = {081849D2-4315-4BB8-A261-0E9C20B7E655}
	EndGlobalSection
EndGlobal
